// !$*UTF8*$!
{
	archiveVersion = 1;
	classes = {
	};
	objectVersion = 56;
	objects = {

/* Begin PBXBuildFile section */
		B47D29602C56A8CF001B0ADA /* LoginView.swift in Sources */ = {isa = PBXBuildFile; fileRef = B47D295F2C56A8CF001B0ADA /* LoginView.swift */; };
		B47D29622C56AB37001B0ADA /* SignUpView.swift in Sources */ = {isa = PBXBuildFile; fileRef = B47D29612C56AB37001B0ADA /* SignUpView.swift */; };
		B47D29642C56ACEC001B0ADA /* GoogleService-Info.plist in Resources */ = {isa = PBXBuildFile; fileRef = B47D29632C56ACEC001B0ADA /* GoogleService-Info.plist */; };
		B47D29672C56AEE5001B0ADA /* FirebaseAuth in Frameworks */ = {isa = PBXBuildFile; productRef = B47D29662C56AEE5001B0ADA /* FirebaseAuth */; };
		B47D29692C56AEE5001B0ADA /* FirebaseDatabase in Frameworks */ = {isa = PBXBuildFile; productRef = B47D29682C56AEE5001B0ADA /* FirebaseDatabase */; };
		B47D296B2C56AEE5001B0ADA /* FirebaseFirestore in Frameworks */ = {isa = PBXBuildFile; productRef = B47D296A2C56AEE5001B0ADA /* FirebaseFirestore */; };
		B47D296D2C56B1C6001B0ADA /* HomePageView.swift in Sources */ = {isa = PBXBuildFile; fileRef = B47D296C2C56B1C6001B0ADA /* HomePageView.swift */; };
		B4C616642C48B45000720154 /* MRDeltaApp.swift in Sources */ = {isa = PBXBuildFile; fileRef = B4C616632C48B45000720154 /* MRDeltaApp.swift */; };
		B4C616662C48B45000720154 /* ContentView.swift in Sources */ = {isa = PBXBuildFile; fileRef = B4C616652C48B45000720154 /* ContentView.swift */; };
		B4C616682C48B45100720154 /* Assets.xcassets in Resources */ = {isa = PBXBuildFile; fileRef = B4C616672C48B45100720154 /* Assets.xcassets */; };
		B4C6166B2C48B45100720154 /* Preview Assets.xcassets in Resources */ = {isa = PBXBuildFile; fileRef = B4C6166A2C48B45100720154 /* Preview Assets.xcassets */; };
		B4C616752C48B45200720154 /* MRDeltaTests.swift in Sources */ = {isa = PBXBuildFile; fileRef = B4C616742C48B45200720154 /* MRDeltaTests.swift */; };
		B4C6167F2C48B45200720154 /* MRDeltaUITests.swift in Sources */ = {isa = PBXBuildFile; fileRef = B4C6167E2C48B45200720154 /* MRDeltaUITests.swift */; };
		B4C616812C48B45200720154 /* MRDeltaUITestsLaunchTests.swift in Sources */ = {isa = PBXBuildFile; fileRef = B4C616802C48B45200720154 /* MRDeltaUITestsLaunchTests.swift */; };
/* End PBXBuildFile section */

/* Begin PBXContainerItemProxy section */
		B4C616712C48B45200720154 /* PBXContainerItemProxy */ = {
			isa = PBXContainerItemProxy;
			containerPortal = B4C616582C48B45000720154 /* Project object */;
			proxyType = 1;
			remoteGlobalIDString = B4C6165F2C48B45000720154;
			remoteInfo = MRDelta;
		};
		B4C6167B2C48B45200720154 /* PBXContainerItemProxy */ = {
			isa = PBXContainerItemProxy;
			containerPortal = B4C616582C48B45000720154 /* Project object */;
			proxyType = 1;
			remoteGlobalIDString = B4C6165F2C48B45000720154;
			remoteInfo = MRDelta;
		};
/* End PBXContainerItemProxy section */

/* Begin PBXFileReference section */
		B47D295F2C56A8CF001B0ADA /* LoginView.swift */ = {isa = PBXFileReference; lastKnownFileType = sourcecode.swift; path = LoginView.swift; sourceTree = "<group>"; };
		B47D29612C56AB37001B0ADA /* SignUpView.swift */ = {isa = PBXFileReference; lastKnownFileType = sourcecode.swift; path = SignUpView.swift; sourceTree = "<group>"; };
		B47D29632C56ACEC001B0ADA /* GoogleService-Info.plist */ = {isa = PBXFileReference; fileEncoding = 4; lastKnownFileType = text.plist.xml; name = "GoogleService-Info.plist"; path = "../../../../../Downloads/GoogleService-Info.plist"; sourceTree = "<group>"; };
		B47D296C2C56B1C6001B0ADA /* HomePageView.swift */ = {isa = PBXFileReference; lastKnownFileType = sourcecode.swift; path = HomePageView.swift; sourceTree = "<group>"; };
		B4C616602C48B45000720154 /* MRDelta.app */ = {isa = PBXFileReference; explicitFileType = wrapper.application; includeInIndex = 0; path = MRDelta.app; sourceTree = BUILT_PRODUCTS_DIR; };
		B4C616632C48B45000720154 /* MRDeltaApp.swift */ = {isa = PBXFileReference; lastKnownFileType = sourcecode.swift; path = MRDeltaApp.swift; sourceTree = "<group>"; };
		B4C616652C48B45000720154 /* ContentView.swift */ = {isa = PBXFileReference; lastKnownFileType = sourcecode.swift; path = ContentView.swift; sourceTree = "<group>"; };
		B4C616672C48B45100720154 /* Assets.xcassets */ = {isa = PBXFileReference; lastKnownFileType = folder.assetcatalog; path = Assets.xcassets; sourceTree = "<group>"; };
		B4C6166A2C48B45100720154 /* Preview Assets.xcassets */ = {isa = PBXFileReference; lastKnownFileType = folder.assetcatalog; path = "Preview Assets.xcassets"; sourceTree = "<group>"; };
		B4C616702C48B45200720154 /* MRDeltaTests.xctest */ = {isa = PBXFileReference; explicitFileType = wrapper.cfbundle; includeInIndex = 0; path = MRDeltaTests.xctest; sourceTree = BUILT_PRODUCTS_DIR; };
		B4C616742C48B45200720154 /* MRDeltaTests.swift */ = {isa = PBXFileReference; lastKnownFileType = sourcecode.swift; path = MRDeltaTests.swift; sourceTree = "<group>"; };
		B4C6167A2C48B45200720154 /* MRDeltaUITests.xctest */ = {isa = PBXFileReference; explicitFileType = wrapper.cfbundle; includeInIndex = 0; path = MRDeltaUITests.xctest; sourceTree = BUILT_PRODUCTS_DIR; };
		B4C6167E2C48B45200720154 /* MRDeltaUITests.swift */ = {isa = PBXFileReference; lastKnownFileType = sourcecode.swift; path = MRDeltaUITests.swift; sourceTree = "<group>"; };
		B4C616802C48B45200720154 /* MRDeltaUITestsLaunchTests.swift */ = {isa = PBXFileReference; lastKnownFileType = sourcecode.swift; path = MRDeltaUITestsLaunchTests.swift; sourceTree = "<group>"; };
/* End PBXFileReference section */

/* Begin PBXFrameworksBuildPhase section */
		B4C6165D2C48B45000720154 /* Frameworks */ = {
			isa = PBXFrameworksBuildPhase;
			buildActionMask = 2147483647;
			files = (
				B47D29692C56AEE5001B0ADA /* FirebaseDatabase in Frameworks */,
				B47D29672C56AEE5001B0ADA /* FirebaseAuth in Frameworks */,
				B47D296B2C56AEE5001B0ADA /* FirebaseFirestore in Frameworks */,
			);
			runOnlyForDeploymentPostprocessing = 0;
		};
		B4C6166D2C48B45200720154 /* Frameworks */ = {
			isa = PBXFrameworksBuildPhase;
			buildActionMask = 2147483647;
			files = (
			);
			runOnlyForDeploymentPostprocessing = 0;
		};
		B4C616772C48B45200720154 /* Frameworks */ = {
			isa = PBXFrameworksBuildPhase;
			buildActionMask = 2147483647;
			files = (
			);
			runOnlyForDeploymentPostprocessing = 0;
		};
/* End PBXFrameworksBuildPhase section */

/* Begin PBXGroup section */
		B4C616572C48B45000720154 = {
			isa = PBXGroup;
			children = (
				B4C616622C48B45000720154 /* MRDelta */,
				B4C616732C48B45200720154 /* MRDeltaTests */,
				B4C6167D2C48B45200720154 /* MRDeltaUITests */,
				B4C616612C48B45000720154 /* Products */,
			);
			sourceTree = "<group>";
		};
		B4C616612C48B45000720154 /* Products */ = {
			isa = PBXGroup;
			children = (
				B4C616602C48B45000720154 /* MRDelta.app */,
				B4C616702C48B45200720154 /* MRDeltaTests.xctest */,
				B4C6167A2C48B45200720154 /* MRDeltaUITests.xctest */,
			);
			name = Products;
			sourceTree = "<group>";
		};
		B4C616622C48B45000720154 /* MRDelta */ = {
			isa = PBXGroup;
			children = (
				B4C616632C48B45000720154 /* MRDeltaApp.swift */,
				B4C616652C48B45000720154 /* ContentView.swift */,
				B47D29612C56AB37001B0ADA /* SignUpView.swift */,
				B47D296C2C56B1C6001B0ADA /* HomePageView.swift */,
				B47D295F2C56A8CF001B0ADA /* LoginView.swift */,
				B47D29632C56ACEC001B0ADA /* GoogleService-Info.plist */,
				B4C616672C48B45100720154 /* Assets.xcassets */,
				B4C616692C48B45100720154 /* Preview Content */,
			);
			path = MRDelta;
			sourceTree = "<group>";
		};
		B4C616692C48B45100720154 /* Preview Content */ = {
			isa = PBXGroup;
			children = (
				B4C6166A2C48B45100720154 /* Preview Assets.xcassets */,
			);
			path = "Preview Content";
			sourceTree = "<group>";
		};
		B4C616732C48B45200720154 /* MRDeltaTests */ = {
			isa = PBXGroup;
			children = (
				B4C616742C48B45200720154 /* MRDeltaTests.swift */,
			);
			path = MRDeltaTests;
			sourceTree = "<group>";
		};
		B4C6167D2C48B45200720154 /* MRDeltaUITests */ = {
			isa = PBXGroup;
			children = (
				B4C6167E2C48B45200720154 /* MRDeltaUITests.swift */,
				B4C616802C48B45200720154 /* MRDeltaUITestsLaunchTests.swift */,
			);
			path = MRDeltaUITests;
			sourceTree = "<group>";
		};
/* End PBXGroup section */

/* Begin PBXNativeTarget section */
		B4C6165F2C48B45000720154 /* MRDelta */ = {
			isa = PBXNativeTarget;
			buildConfigurationList = B4C616842C48B45200720154 /* Build configuration list for PBXNativeTarget "MRDelta" */;
			buildPhases = (
				B4C6165C2C48B45000720154 /* Sources */,
				B4C6165D2C48B45000720154 /* Frameworks */,
				B4C6165E2C48B45000720154 /* Resources */,
			);
			buildRules = (
			);
			dependencies = (
			);
			name = MRDelta;
			packageProductDependencies = (
				B47D29662C56AEE5001B0ADA /* FirebaseAuth */,
				B47D29682C56AEE5001B0ADA /* FirebaseDatabase */,
				B47D296A2C56AEE5001B0ADA /* FirebaseFirestore */,
			);
			productName = MRDelta;
			productReference = B4C616602C48B45000720154 /* MRDelta.app */;
			productType = "com.apple.product-type.application";
		};
		B4C6166F2C48B45200720154 /* MRDeltaTests */ = {
			isa = PBXNativeTarget;
			buildConfigurationList = B4C616872C48B45200720154 /* Build configuration list for PBXNativeTarget "MRDeltaTests" */;
			buildPhases = (
				B4C6166C2C48B45200720154 /* Sources */,
				B4C6166D2C48B45200720154 /* Frameworks */,
				B4C6166E2C48B45200720154 /* Resources */,
			);
			buildRules = (
			);
			dependencies = (
				B4C616722C48B45200720154 /* PBXTargetDependency */,
			);
			name = MRDeltaTests;
			productName = MRDeltaTests;
			productReference = B4C616702C48B45200720154 /* MRDeltaTests.xctest */;
			productType = "com.apple.product-type.bundle.unit-test";
		};
		B4C616792C48B45200720154 /* MRDeltaUITests */ = {
			isa = PBXNativeTarget;
			buildConfigurationList = B4C6168A2C48B45200720154 /* Build configuration list for PBXNativeTarget "MRDeltaUITests" */;
			buildPhases = (
				B4C616762C48B45200720154 /* Sources */,
				B4C616772C48B45200720154 /* Frameworks */,
				B4C616782C48B45200720154 /* Resources */,
			);
			buildRules = (
			);
			dependencies = (
				B4C6167C2C48B45200720154 /* PBXTargetDependency */,
			);
			name = MRDeltaUITests;
			productName = MRDeltaUITests;
			productReference = B4C6167A2C48B45200720154 /* MRDeltaUITests.xctest */;
			productType = "com.apple.product-type.bundle.ui-testing";
		};
/* End PBXNativeTarget section */

/* Begin PBXProject section */
		B4C616582C48B45000720154 /* Project object */ = {
			isa = PBXProject;
			attributes = {
				BuildIndependentTargetsInParallel = 1;
				LastSwiftUpdateCheck = 1540;
				LastUpgradeCheck = 1540;
				TargetAttributes = {
					B4C6165F2C48B45000720154 = {
						CreatedOnToolsVersion = 15.4;
					};
					B4C6166F2C48B45200720154 = {
						CreatedOnToolsVersion = 15.4;
						TestTargetID = B4C6165F2C48B45000720154;
					};
					B4C616792C48B45200720154 = {
						CreatedOnToolsVersion = 15.4;
						TestTargetID = B4C6165F2C48B45000720154;
					};
				};
			};
			buildConfigurationList = B4C6165B2C48B45000720154 /* Build configuration list for PBXProject "MRDelta" */;
			compatibilityVersion = "Xcode 14.0";
			developmentRegion = en;
			hasScannedForEncodings = 0;
			knownRegions = (
				en,
				Base,
			);
			mainGroup = B4C616572C48B45000720154;
			packageReferences = (
				B47D29652C56AEE4001B0ADA /* XCRemoteSwiftPackageReference "firebase-ios-sdk" */,
			);
			productRefGroup = B4C616612C48B45000720154 /* Products */;
			projectDirPath = "";
			projectRoot = "";
			targets = (
				B4C6165F2C48B45000720154 /* MRDelta */,
				B4C6166F2C48B45200720154 /* MRDeltaTests */,
				B4C616792C48B45200720154 /* MRDeltaUITests */,
			);
		};
/* End PBXProject section */

/* Begin PBXResourcesBuildPhase section */
		B4C6165E2C48B45000720154 /* Resources */ = {
			isa = PBXResourcesBuildPhase;
			buildActionMask = 2147483647;
			files = (
				B4C6166B2C48B45100720154 /* Preview Assets.xcassets in Resources */,
				B4C616682C48B45100720154 /* Assets.xcassets in Resources */,
				B47D29642C56ACEC001B0ADA /* GoogleService-Info.plist in Resources */,
			);
			runOnlyForDeploymentPostprocessing = 0;
		};
		B4C6166E2C48B45200720154 /* Resources */ = {
			isa = PBXResourcesBuildPhase;
			buildActionMask = 2147483647;
			files = (
			);
			runOnlyForDeploymentPostprocessing = 0;
		};
		B4C616782C48B45200720154 /* Resources */ = {
			isa = PBXResourcesBuildPhase;
			buildActionMask = 2147483647;
			files = (
			);
			runOnlyForDeploymentPostprocessing = 0;
		};
/* End PBXResourcesBuildPhase section */

/* Begin PBXSourcesBuildPhase section */
		B4C6165C2C48B45000720154 /* Sources */ = {
			isa = PBXSourcesBuildPhase;
			buildActionMask = 2147483647;
			files = (
				B47D29622C56AB37001B0ADA /* SignUpView.swift in Sources */,
				B4C616662C48B45000720154 /* ContentView.swift in Sources */,
				B47D29602C56A8CF001B0ADA /* LoginView.swift in Sources */,
				B4C616642C48B45000720154 /* MRDeltaApp.swift in Sources */,
				B47D296D2C56B1C6001B0ADA /* HomePageView.swift in Sources */,
			);
			runOnlyForDeploymentPostprocessing = 0;
		};
		B4C6166C2C48B45200720154 /* Sources */ = {
			isa = PBXSourcesBuildPhase;
			buildActionMask = 2147483647;
			files = (
				B4C616752C48B45200720154 /* MRDeltaTests.swift in Sources */,
			);
			runOnlyForDeploymentPostprocessing = 0;
		};
		B4C616762C48B45200720154 /* Sources */ = {
			isa = PBXSourcesBuildPhase;
			buildActionMask = 2147483647;
			files = (
				B4C616812C48B45200720154 /* MRDeltaUITestsLaunchTests.swift in Sources */,
				B4C6167F2C48B45200720154 /* MRDeltaUITests.swift in Sources */,
			);
			runOnlyForDeploymentPostprocessing = 0;
		};
/* End PBXSourcesBuildPhase section */

/* Begin PBXTargetDependency section */
		B4C616722C48B45200720154 /* PBXTargetDependency */ = {
			isa = PBXTargetDependency;
			target = B4C6165F2C48B45000720154 /* MRDelta */;
			targetProxy = B4C616712C48B45200720154 /* PBXContainerItemProxy */;
		};
		B4C6167C2C48B45200720154 /* PBXTargetDependency */ = {
			isa = PBXTargetDependency;
			target = B4C6165F2C48B45000720154 /* MRDelta */;
			targetProxy = B4C6167B2C48B45200720154 /* PBXContainerItemProxy */;
		};
/* End PBXTargetDependency section */

/* Begin XCBuildConfiguration section */
		B4C616822C48B45200720154 /* Debug */ = {
			isa = XCBuildConfiguration;
			buildSettings = {
				ALWAYS_SEARCH_USER_PATHS = NO;
				ASSETCATALOG_COMPILER_GENERATE_SWIFT_ASSET_SYMBOL_EXTENSIONS = YES;
				CLANG_ANALYZER_NONNULL = YES;
				CLANG_ANALYZER_NUMBER_OBJECT_CONVERSION = YES_AGGRESSIVE;
				CLANG_CXX_LANGUAGE_STANDARD = "gnu++20";
				CLANG_ENABLE_MODULES = YES;
				CLANG_ENABLE_OBJC_ARC = YES;
				CLANG_ENABLE_OBJC_WEAK = YES;
				CLANG_WARN_BLOCK_CAPTURE_AUTORELEASING = YES;
				CLANG_WARN_BOOL_CONVERSION = YES;
				CLANG_WARN_COMMA = YES;
				CLANG_WARN_CONSTANT_CONVERSION = YES;
				CLANG_WARN_DEPRECATED_OBJC_IMPLEMENTATIONS = YES;
				CLANG_WARN_DIRECT_OBJC_ISA_USAGE = YES_ERROR;
				CLANG_WARN_DOCUMENTATION_COMMENTS = YES;
				CLANG_WARN_EMPTY_BODY = YES;
				CLANG_WARN_ENUM_CONVERSION = YES;
				CLANG_WARN_INFINITE_RECURSION = YES;
				CLANG_WARN_INT_CONVERSION = YES;
				CLANG_WARN_NON_LITERAL_NULL_CONVERSION = YES;
				CLANG_WARN_OBJC_IMPLICIT_RETAIN_SELF = YES;
				CLANG_WARN_OBJC_LITERAL_CONVERSION = YES;
				CLANG_WARN_OBJC_ROOT_CLASS = YES_ERROR;
				CLANG_WARN_QUOTED_INCLUDE_IN_FRAMEWORK_HEADER = YES;
				CLANG_WARN_RANGE_LOOP_ANALYSIS = YES;
				CLANG_WARN_STRICT_PROTOTYPES = YES;
				CLANG_WARN_SUSPICIOUS_MOVE = YES;
				CLANG_WARN_UNGUARDED_AVAILABILITY = YES_AGGRESSIVE;
				CLANG_WARN_UNREACHABLE_CODE = YES;
				CLANG_WARN__DUPLICATE_METHOD_MATCH = YES;
				COPY_PHASE_STRIP = NO;
				DEBUG_INFORMATION_FORMAT = dwarf;
				ENABLE_STRICT_OBJC_MSGSEND = YES;
				ENABLE_TESTABILITY = YES;
				ENABLE_USER_SCRIPT_SANDBOXING = YES;
				GCC_C_LANGUAGE_STANDARD = gnu17;
				GCC_DYNAMIC_NO_PIC = NO;
				GCC_NO_COMMON_BLOCKS = YES;
				GCC_OPTIMIZATION_LEVEL = 0;
				GCC_PREPROCESSOR_DEFINITIONS = (
					"DEBUG=1",
					"$(inherited)",
				);
				GCC_WARN_64_TO_32_BIT_CONVERSION = YES;
				GCC_WARN_ABOUT_RETURN_TYPE = YES_ERROR;
				GCC_WARN_UNDECLARED_SELECTOR = YES;
				GCC_WARN_UNINITIALIZED_AUTOS = YES_AGGRESSIVE;
				GCC_WARN_UNUSED_FUNCTION = YES;
				GCC_WARN_UNUSED_VARIABLE = YES;
				IPHONEOS_DEPLOYMENT_TARGET = 17.5;
				LOCALIZATION_PREFERS_STRING_CATALOGS = YES;
				MTL_ENABLE_DEBUG_INFO = INCLUDE_SOURCE;
				MTL_FAST_MATH = YES;
				ONLY_ACTIVE_ARCH = YES;
				SDKROOT = iphoneos;
				SWIFT_ACTIVE_COMPILATION_CONDITIONS = "DEBUG $(inherited)";
				SWIFT_OPTIMIZATION_LEVEL = "-Onone";
			};
			name = Debug;
		};
		B4C616832C48B45200720154 /* Release */ = {
			isa = XCBuildConfiguration;
			buildSettings = {
				ALWAYS_SEARCH_USER_PATHS = NO;
				ASSETCATALOG_COMPILER_GENERATE_SWIFT_ASSET_SYMBOL_EXTENSIONS = YES;
				CLANG_ANALYZER_NONNULL = YES;
				CLANG_ANALYZER_NUMBER_OBJECT_CONVERSION = YES_AGGRESSIVE;
				CLANG_CXX_LANGUAGE_STANDARD = "gnu++20";
				CLANG_ENABLE_MODULES = YES;
				CLANG_ENABLE_OBJC_ARC = YES;
				CLANG_ENABLE_OBJC_WEAK = YES;
				CLANG_WARN_BLOCK_CAPTURE_AUTORELEASING = YES;
				CLANG_WARN_BOOL_CONVERSION = YES;
				CLANG_WARN_COMMA = YES;
				CLANG_WARN_CONSTANT_CONVERSION = YES;
				CLANG_WARN_DEPRECATED_OBJC_IMPLEMENTATIONS = YES;
				CLANG_WARN_DIRECT_OBJC_ISA_USAGE = YES_ERROR;
				CLANG_WARN_DOCUMENTATION_COMMENTS = YES;
				CLANG_WARN_EMPTY_BODY = YES;
				CLANG_WARN_ENUM_CONVERSION = YES;
				CLANG_WARN_INFINITE_RECURSION = YES;
				CLANG_WARN_INT_CONVERSION = YES;
				CLANG_WARN_NON_LITERAL_NULL_CONVERSION = YES;
				CLANG_WARN_OBJC_IMPLICIT_RETAIN_SELF = YES;
				CLANG_WARN_OBJC_LITERAL_CONVERSION = YES;
				CLANG_WARN_OBJC_ROOT_CLASS = YES_ERROR;
				CLANG_WARN_QUOTED_INCLUDE_IN_FRAMEWORK_HEADER = YES;
				CLANG_WARN_RANGE_LOOP_ANALYSIS = YES;
				CLANG_WARN_STRICT_PROTOTYPES = YES;
				CLANG_WARN_SUSPICIOUS_MOVE = YES;
				CLANG_WARN_UNGUARDED_AVAILABILITY = YES_AGGRESSIVE;
				CLANG_WARN_UNREACHABLE_CODE = YES;
				CLANG_WARN__DUPLICATE_METHOD_MATCH = YES;
				COPY_PHASE_STRIP = NO;
				DEBUG_INFORMATION_FORMAT = "dwarf-with-dsym";
				ENABLE_NS_ASSERTIONS = NO;
				ENABLE_STRICT_OBJC_MSGSEND = YES;
				ENABLE_USER_SCRIPT_SANDBOXING = YES;
				GCC_C_LANGUAGE_STANDARD = gnu17;
				GCC_NO_COMMON_BLOCKS = YES;
				GCC_WARN_64_TO_32_BIT_CONVERSION = YES;
				GCC_WARN_ABOUT_RETURN_TYPE = YES_ERROR;
				GCC_WARN_UNDECLARED_SELECTOR = YES;
				GCC_WARN_UNINITIALIZED_AUTOS = YES_AGGRESSIVE;
				GCC_WARN_UNUSED_FUNCTION = YES;
				GCC_WARN_UNUSED_VARIABLE = YES;
				IPHONEOS_DEPLOYMENT_TARGET = 17.5;
				LOCALIZATION_PREFERS_STRING_CATALOGS = YES;
				MTL_ENABLE_DEBUG_INFO = NO;
				MTL_FAST_MATH = YES;
				SDKROOT = iphoneos;
				SWIFT_COMPILATION_MODE = wholemodule;
				VALIDATE_PRODUCT = YES;
			};
			name = Release;
		};
		B4C616852C48B45200720154 /* Debug */ = {
			isa = XCBuildConfiguration;
			buildSettings = {
				ASSETCATALOG_COMPILER_APPICON_NAME = AppIcon;
				ASSETCATALOG_COMPILER_GLOBAL_ACCENT_COLOR_NAME = AccentColor;
				CODE_SIGN_STYLE = Automatic;
				CURRENT_PROJECT_VERSION = 1;
				DEVELOPMENT_ASSET_PATHS = "\"MRDelta/Preview Content\"";
				ENABLE_PREVIEWS = YES;
				GENERATE_INFOPLIST_FILE = YES;
				INFOPLIST_KEY_UIApplicationSceneManifest_Generation = YES;
				INFOPLIST_KEY_UIApplicationSupportsIndirectInputEvents = YES;
				INFOPLIST_KEY_UILaunchScreen_Generation = YES;
				INFOPLIST_KEY_UISupportedInterfaceOrientations_iPad = "UIInterfaceOrientationPortrait UIInterfaceOrientationPortraitUpsideDown UIInterfaceOrientationLandscapeLeft UIInterfaceOrientationLandscapeRight";
				INFOPLIST_KEY_UISupportedInterfaceOrientations_iPhone = "UIInterfaceOrientationPortrait UIInterfaceOrientationLandscapeLeft UIInterfaceOrientationLandscapeRight";
				LD_RUNPATH_SEARCH_PATHS = (
					"$(inherited)",
					"@executable_path/Frameworks",
				);
				MARKETING_VERSION = 1.0;
				PRODUCT_BUNDLE_IDENTIFIER = SistersOfImpact.MRDelta;
				PRODUCT_NAME = "$(TARGET_NAME)";
				SWIFT_EMIT_LOC_STRINGS = YES;
				SWIFT_VERSION = 5.0;
				TARGETED_DEVICE_FAMILY = "1,2";
			};
			name = Debug;
		};
		B4C616862C48B45200720154 /* Release */ = {
			isa = XCBuildConfiguration;
			buildSettings = {
				ASSETCATALOG_COMPILER_APPICON_NAME = AppIcon;
				ASSETCATALOG_COMPILER_GLOBAL_ACCENT_COLOR_NAME = AccentColor;
				CODE_SIGN_STYLE = Automatic;
				CURRENT_PROJECT_VERSION = 1;
				DEVELOPMENT_ASSET_PATHS = "\"MRDelta/Preview Content\"";
				ENABLE_PREVIEWS = YES;
				GENERATE_INFOPLIST_FILE = YES;
				INFOPLIST_KEY_UIApplicationSceneManifest_Generation = YES;
				INFOPLIST_KEY_UIApplicationSupportsIndirectInputEvents = YES;
				INFOPLIST_KEY_UILaunchScreen_Generation = YES;
				INFOPLIST_KEY_UISupportedInterfaceOrientations_iPad = "UIInterfaceOrientationPortrait UIInterfaceOrientationPortraitUpsideDown UIInterfaceOrientationLandscapeLeft UIInterfaceOrientationLandscapeRight";
				INFOPLIST_KEY_UISupportedInterfaceOrientations_iPhone = "UIInterfaceOrientationPortrait UIInterfaceOrientationLandscapeLeft UIInterfaceOrientationLandscapeRight";
				LD_RUNPATH_SEARCH_PATHS = (
					"$(inherited)",
					"@executable_path/Frameworks",
				);
				MARKETING_VERSION = 1.0;
				PRODUCT_BUNDLE_IDENTIFIER = SistersOfImpact.MRDelta;
				PRODUCT_NAME = "$(TARGET_NAME)";
				SWIFT_EMIT_LOC_STRINGS = YES;
				SWIFT_VERSION = 5.0;
				TARGETED_DEVICE_FAMILY = "1,2";
			};
			name = Release;
		};
		B4C616882C48B45200720154 /* Debug */ = {
			isa = XCBuildConfiguration;
			buildSettings = {
				ALWAYS_EMBED_SWIFT_STANDARD_LIBRARIES = YES;
				BUNDLE_LOADER = "$(TEST_HOST)";
				CODE_SIGN_STYLE = Automatic;
				CURRENT_PROJECT_VERSION = 1;
				GENERATE_INFOPLIST_FILE = YES;
				IPHONEOS_DEPLOYMENT_TARGET = 17.5;
				MARKETING_VERSION = 1.0;
				PRODUCT_BUNDLE_IDENTIFIER = SistersOfImpact.MRDeltaTests;
				PRODUCT_NAME = "$(TARGET_NAME)";
				SWIFT_EMIT_LOC_STRINGS = NO;
				SWIFT_VERSION = 5.0;
				TARGETED_DEVICE_FAMILY = "1,2";
				TEST_HOST = "$(BUILT_PRODUCTS_DIR)/MRDelta.app/$(BUNDLE_EXECUTABLE_FOLDER_PATH)/MRDelta";
			};
			name = Debug;
		};
		B4C616892C48B45200720154 /* Release */ = {
			isa = XCBuildConfiguration;
			buildSettings = {
				ALWAYS_EMBED_SWIFT_STANDARD_LIBRARIES = YES;
				BUNDLE_LOADER = "$(TEST_HOST)";
				CODE_SIGN_STYLE = Automatic;
				CURRENT_PROJECT_VERSION = 1;
				GENERATE_INFOPLIST_FILE = YES;
				IPHONEOS_DEPLOYMENT_TARGET = 17.5;
				MARKETING_VERSION = 1.0;
				PRODUCT_BUNDLE_IDENTIFIER = SistersOfImpact.MRDeltaTests;
				PRODUCT_NAME = "$(TARGET_NAME)";
				SWIFT_EMIT_LOC_STRINGS = NO;
				SWIFT_VERSION = 5.0;
				TARGETED_DEVICE_FAMILY = "1,2";
				TEST_HOST = "$(BUILT_PRODUCTS_DIR)/MRDelta.app/$(BUNDLE_EXECUTABLE_FOLDER_PATH)/MRDelta";
			};
			name = Release;
		};
		B4C6168B2C48B45200720154 /* Debug */ = {
			isa = XCBuildConfiguration;
			buildSettings = {
				ALWAYS_EMBED_SWIFT_STANDARD_LIBRARIES = YES;
				CODE_SIGN_STYLE = Automatic;
				CURRENT_PROJECT_VERSION = 1;
				GENERATE_INFOPLIST_FILE = YES;
				MARKETING_VERSION = 1.0;
				PRODUCT_BUNDLE_IDENTIFIER = SistersOfImpact.MRDeltaUITests;
				PRODUCT_NAME = "$(TARGET_NAME)";
				SWIFT_EMIT_LOC_STRINGS = NO;
				SWIFT_VERSION = 5.0;
				TARGETED_DEVICE_FAMILY = "1,2";
				TEST_TARGET_NAME = MRDelta;
			};
			name = Debug;
		};
		B4C6168C2C48B45200720154 /* Release */ = {
			isa = XCBuildConfiguration;
			buildSettings = {
				ALWAYS_EMBED_SWIFT_STANDARD_LIBRARIES = YES;
				CODE_SIGN_STYLE = Automatic;
				CURRENT_PROJECT_VERSION = 1;
				GENERATE_INFOPLIST_FILE = YES;
				MARKETING_VERSION = 1.0;
				PRODUCT_BUNDLE_IDENTIFIER = SistersOfImpact.MRDeltaUITests;
				PRODUCT_NAME = "$(TARGET_NAME)";
				SWIFT_EMIT_LOC_STRINGS = NO;
				SWIFT_VERSION = 5.0;
				TARGETED_DEVICE_FAMILY = "1,2";
				TEST_TARGET_NAME = MRDelta;
			};
			name = Release;
		};
/* End XCBuildConfiguration section */

/* Begin XCConfigurationList section */
		B4C6165B2C48B45000720154 /* Build configuration list for PBXProject "MRDelta" */ = {
			isa = XCConfigurationList;
			buildConfigurations = (
				B4C616822C48B45200720154 /* Debug */,
				B4C616832C48B45200720154 /* Release */,
			);
			defaultConfigurationIsVisible = 0;
			defaultConfigurationName = Release;
		};
		B4C616842C48B45200720154 /* Build configuration list for PBXNativeTarget "MRDelta" */ = {
			isa = XCConfigurationList;
			buildConfigurations = (
				B4C616852C48B45200720154 /* Debug */,
				B4C616862C48B45200720154 /* Release */,
			);
			defaultConfigurationIsVisible = 0;
			defaultConfigurationName = Release;
		};
		B4C616872C48B45200720154 /* Build configuration list for PBXNativeTarget "MRDeltaTests" */ = {
			isa = XCConfigurationList;
			buildConfigurations = (
				B4C616882C48B45200720154 /* Debug */,
				B4C616892C48B45200720154 /* Release */,
			);
			defaultConfigurationIsVisible = 0;
			defaultConfigurationName = Release;
		};
		B4C6168A2C48B45200720154 /* Build configuration list for PBXNativeTarget "MRDeltaUITests" */ = {
			isa = XCConfigurationList;
			buildConfigurations = (
				B4C6168B2C48B45200720154 /* Debug */,
				B4C6168C2C48B45200720154 /* Release */,
			);
			defaultConfigurationIsVisible = 0;
			defaultConfigurationName = Release;
		};
/* End XCConfigurationList section */

/* Begin XCRemoteSwiftPackageReference section */
		B47D29652C56AEE4001B0ADA /* XCRemoteSwiftPackageReference "firebase-ios-sdk" */ = {
			isa = XCRemoteSwiftPackageReference;
			repositoryURL = "https://github.com/firebase/firebase-ios-sdk";
			requirement = {
				kind = upToNextMajorVersion;
				minimumVersion = 10.29.0;
			};
		};
/* End XCRemoteSwiftPackageReference section */

/* Begin XCSwiftPackageProductDependency section */
		B47D29662C56AEE5001B0ADA /* FirebaseAuth */ = {
			isa = XCSwiftPackageProductDependency;
			package = B47D29652C56AEE4001B0ADA /* XCRemoteSwiftPackageReference "firebase-ios-sdk" */;
			productName = FirebaseAuth;
		};
		B47D29682C56AEE5001B0ADA /* FirebaseDatabase */ = {
			isa = XCSwiftPackageProductDependency;
			package = B47D29652C56AEE4001B0ADA /* XCRemoteSwiftPackageReference "firebase-ios-sdk" */;
			productName = FirebaseDatabase;
		};
		B47D296A2C56AEE5001B0ADA /* FirebaseFirestore */ = {
			isa = XCSwiftPackageProductDependency;
			package = B47D29652C56AEE4001B0ADA /* XCRemoteSwiftPackageReference "firebase-ios-sdk" */;
			productName = FirebaseFirestore;
		};
/* End XCSwiftPackageProductDependency section */
	};
	rootObject = B4C616582C48B45000720154 /* Project object */;
}
